
Microsoft Visual Studio Solution File, Format Version 12.00
# Visual Studio Version 17
VisualStudioVersion = 17.0.31903.59
MinimumVisualStudioVersion = 10.0.40219.1
Project("{9A19103F-16F7-4668-BE54-9A1E7A4F7556}") = "CarePaws.API", "src\CarePaws.API\CarePaws.API.csproj", "{74322C64-35AA-402B-B962-8B70257C52D6}"
	ProjectSection(ProjectDependencies) = postProject
		{CEFB8415-B4A5-46AB-BFC2-CF9CA633539A} = {CEFB8415-B4A5-46AB-BFC2-CF9CA633539A}
		{E8CAD4A0-7ADC-4B71-91C8-5FED67E4247B} = {E8CAD4A0-7ADC-4B71-91C8-5FED67E4247B}
		{FB9B263E-D7F9-40B1-9867-FAEBAC4A8ADA} = {FB9B263E-D7F9-40B1-9867-FAEBAC4A8ADA}
	EndProjectSection
EndProject
Project("{9A19103F-16F7-4668-BE54-9A1E7A4F7556}") = "CarePaws.Infrastructure", "src\CarePaws.Infrastructure\CarePaws.Infrastructure.csproj", "{E8CAD4A0-7ADC-4B71-91C8-5FED67E4247B}"
	ProjectSection(ProjectDependencies) = postProject
		{FB9B263E-D7F9-40B1-9867-FAEBAC4A8ADA} = {FB9B263E-D7F9-40B1-9867-FAEBAC4A8ADA}
	EndProjectSection
EndProject
Project("{9A19103F-16F7-4668-BE54-9A1E7A4F7556}") = "CarePaws.Domain", "src\CarePaws.Domain\CarePaws.Domain.csproj", "{CEFB8415-B4A5-46AB-BFC2-CF9CA633539A}"
EndProject
Project("{9A19103F-16F7-4668-BE54-9A1E7A4F7556}") = "CarePaws.Application", "src\CarePaws.Application\CarePaws.Application.csproj", "{FB9B263E-D7F9-40B1-9867-FAEBAC4A8ADA}"
	ProjectSection(ProjectDependencies) = postProject
		{CEFB8415-B4A5-46AB-BFC2-CF9CA633539A} = {CEFB8415-B4A5-46AB-BFC2-CF9CA633539A}
	EndProjectSection
EndProject
Project("{E53339B2-1760-4266-BCC7-CA923CBCF16C}") = "docker-compose", "docker-compose.dcproj", "{15C7BF87-34EC-4138-A91A-D1858E9BDE25}"
EndProject
Global
	GlobalSection(SolutionConfigurationPlatforms) = preSolution
		Debug|Any CPU = Debug|Any CPU
		Release|Any CPU = Release|Any CPU
	EndGlobalSection
	GlobalSection(ProjectConfigurationPlatforms) = postSolution
		{74322C64-35AA-402B-B962-8B70257C52D6}.Debug|Any CPU.ActiveCfg = Debug|Any CPU
		{74322C64-35AA-402B-B962-8B70257C52D6}.Debug|Any CPU.Build.0 = Debug|Any CPU
		{74322C64-35AA-402B-B962-8B70257C52D6}.Release|Any CPU.ActiveCfg = Release|Any CPU
		{74322C64-35AA-402B-B962-8B70257C52D6}.Release|Any CPU.Build.0 = Release|Any CPU
		{E8CAD4A0-7ADC-4B71-91C8-5FED67E4247B}.Debug|Any CPU.ActiveCfg = Debug|Any CPU
		{E8CAD4A0-7ADC-4B71-91C8-5FED67E4247B}.Debug|Any CPU.Build.0 = Debug|Any CPU
		{E8CAD4A0-7ADC-4B71-91C8-5FED67E4247B}.Release|Any CPU.ActiveCfg = Release|Any CPU
		{E8CAD4A0-7ADC-4B71-91C8-5FED67E4247B}.Release|Any CPU.Build.0 = Release|Any CPU
		{CEFB8415-B4A5-46AB-BFC2-CF9CA633539A}.Debug|Any CPU.ActiveCfg = Debug|Any CPU
		{CEFB8415-B4A5-46AB-BFC2-CF9CA633539A}.Debug|Any CPU.Build.0 = Debug|Any CPU
		{CEFB8415-B4A5-46AB-BFC2-CF9CA633539A}.Release|Any CPU.ActiveCfg = Release|Any CPU
		{CEFB8415-B4A5-46AB-BFC2-CF9CA633539A}.Release|Any CPU.Build.0 = Release|Any CPU
		{FB9B263E-D7F9-40B1-9867-FAEBAC4A8ADA}.Debug|Any CPU.ActiveCfg = Debug|Any CPU
		{FB9B263E-D7F9-40B1-9867-FAEBAC4A8ADA}.Debug|Any CPU.Build.0 = Debug|Any CPU
		{FB9B263E-D7F9-40B1-9867-FAEBAC4A8ADA}.Release|Any CPU.ActiveCfg = Release|Any CPU
		{FB9B263E-D7F9-40B1-9867-FAEBAC4A8ADA}.Release|Any CPU.Build.0 = Release|Any CPU
		{15C7BF87-34EC-4138-A91A-D1858E9BDE25}.Debug|Any CPU.ActiveCfg = Debug|Any CPU
		{15C7BF87-34EC-4138-A91A-D1858E9BDE25}.Debug|Any CPU.Build.0 = Debug|Any CPU
		{15C7BF87-34EC-4138-A91A-D1858E9BDE25}.Release|Any CPU.ActiveCfg = Release|Any CPU
		{15C7BF87-34EC-4138-A91A-D1858E9BDE25}.Release|Any CPU.Build.0 = Release|Any CPU
	EndGlobalSection
	GlobalSection(SolutionProperties) = preSolution
		HideSolutionNode = FALSE
	EndGlobalSection
	GlobalSection(ExtensibilityGlobals) = postSolution
		SolutionGuid = {D6C875D0-E5FE-43EF-82B7-BA447784770B}
	EndGlobalSection
EndGlobal
